
Microsoft Visual Studio Solution File, Format Version 12.00
# Visual Studio Version 17
VisualStudioVersion = 17.4.33110.190
MinimumVisualStudioVersion = 10.0.40219.1
Project("{888888A0-9F3D-457C-B088-3A5042F75D52}") = "HopfieldWithDiscrete", "HopfieldWithDiscrete.pyproj", "{F379F8E1-4BFA-43AF-8F0D-DFF4263DC8BD}"
EndProject
Global
	GlobalSection(SolutionConfigurationPlatforms) = preSolution
		Debug|Any CPU = Debug|Any CPU
		Release|Any CPU = Release|Any CPU
	EndGlobalSection
	GlobalSection(ProjectConfigurationPlatforms) = postSolution
		{F379F8E1-4BFA-43AF-8F0D-DFF4263DC8BD}.Debug|Any CPU.ActiveCfg = Debug|Any CPU
		{F379F8E1-4BFA-43AF-8F0D-DFF4263DC8BD}.Release|Any CPU.ActiveCfg = Release|Any CPU
	EndGlobalSection
	GlobalSection(SolutionProperties) = preSolution
		HideSolutionNode = FALSE
	EndGlobalSection
	GlobalSection(ExtensibilityGlobals) = postSolution
		SolutionGuid = {1010759E-A81A-4B39-9736-252405521ABC}
	EndGlobalSection
EndGlobal
